// !$*UTF8*$!
{
	archiveVersion = 1;
	classes = {
	};
	objectVersion = 56;
	objects = {

/* Begin PBXBuildFile section */
		64CE03E62B17C370009608A4 /* NautikHelper.swift in Sources */ = {isa = PBXBuildFile; fileRef = 64CE03E52B17C370009608A4 /* NautikHelper.swift */; };
		64CE03E82B17C370009608A4 /* MainView.swift in Sources */ = {isa = PBXBuildFile; fileRef = 64CE03E72B17C370009608A4 /* MainView.swift */; };
		64CE03EA2B17C371009608A4 /* Assets.xcassets in Resources */ = {isa = PBXBuildFile; fileRef = 64CE03E92B17C371009608A4 /* Assets.xcassets */; };
		64CE03F52B18EA05009608A4 /* LICENSE in Resources */ = {isa = PBXBuildFile; fileRef = 64CE03F42B18EA05009608A4 /* LICENSE */; };
		64CE03F92B1CEB88009608A4 /* KeychainAccess in Frameworks */ = {isa = PBXBuildFile; productRef = 64CE03F82B1CEB88009608A4 /* KeychainAccess */; };
		64CE03FC2B1CEBD0009608A4 /* SwiftkubeClient in Frameworks */ = {isa = PBXBuildFile; productRef = 64CE03FB2B1CEBD0009608A4 /* SwiftkubeClient */; };
		64CE04002B1D05F3009608A4 /* Error.swift in Sources */ = {isa = PBXBuildFile; fileRef = 64CE03FF2B1D05F3009608A4 /* Error.swift */; };
		64CE04032B1D1116009608A4 /* ManageKubeConfigsView.swift in Sources */ = {isa = PBXBuildFile; fileRef = 64CE04022B1D1116009608A4 /* ManageKubeConfigsView.swift */; };
		64CE04052B1D18C1009608A4 /* Cluster.swift in Sources */ = {isa = PBXBuildFile; fileRef = 64CE04042B1D18C1009608A4 /* Cluster.swift */; };
		64CE04072B1E321C009608A4 /* KubeConfig.swift in Sources */ = {isa = PBXBuildFile; fileRef = 64CE04062B1E321C009608A4 /* KubeConfig.swift */; };
		64CE04092B25F5D7009608A4 /* Auth.swift in Sources */ = {isa = PBXBuildFile; fileRef = 64CE04082B25F5D7009608A4 /* Auth.swift */; };
/* End PBXBuildFile section */

/* Begin PBXFileReference section */
		64CE03E22B17C370009608A4 /* Nautik Helper.app */ = {isa = PBXFileReference; explicitFileType = wrapper.application; includeInIndex = 0; path = "Nautik Helper.app"; sourceTree = BUILT_PRODUCTS_DIR; };
		64CE03E52B17C370009608A4 /* NautikHelper.swift */ = {isa = PBXFileReference; lastKnownFileType = sourcecode.swift; path = NautikHelper.swift; sourceTree = "<group>"; };
		64CE03E72B17C370009608A4 /* MainView.swift */ = {isa = PBXFileReference; lastKnownFileType = sourcecode.swift; path = MainView.swift; sourceTree = "<group>"; };
		64CE03E92B17C371009608A4 /* Assets.xcassets */ = {isa = PBXFileReference; lastKnownFileType = folder.assetcatalog; path = Assets.xcassets; sourceTree = "<group>"; };
		64CE03EE2B17C371009608A4 /* NautikHelper.entitlements */ = {isa = PBXFileReference; lastKnownFileType = text.plist.entitlements; path = NautikHelper.entitlements; sourceTree = "<group>"; };
		64CE03F42B18EA05009608A4 /* LICENSE */ = {isa = PBXFileReference; lastKnownFileType = text; path = LICENSE; sourceTree = "<group>"; };
		64CE03F62B193A14009608A4 /* README.md */ = {isa = PBXFileReference; lastKnownFileType = net.daringfireball.markdown; path = README.md; sourceTree = "<group>"; };
		64CE03FF2B1D05F3009608A4 /* Error.swift */ = {isa = PBXFileReference; lastKnownFileType = sourcecode.swift; path = Error.swift; sourceTree = "<group>"; };
		64CE04022B1D1116009608A4 /* ManageKubeConfigsView.swift */ = {isa = PBXFileReference; lastKnownFileType = sourcecode.swift; path = ManageKubeConfigsView.swift; sourceTree = "<group>"; };
		64CE04042B1D18C1009608A4 /* Cluster.swift */ = {isa = PBXFileReference; lastKnownFileType = sourcecode.swift; path = Cluster.swift; sourceTree = "<group>"; };
		64CE04062B1E321C009608A4 /* KubeConfig.swift */ = {isa = PBXFileReference; lastKnownFileType = sourcecode.swift; path = KubeConfig.swift; sourceTree = "<group>"; };
		64CE04082B25F5D7009608A4 /* Auth.swift */ = {isa = PBXFileReference; lastKnownFileType = sourcecode.swift; path = Auth.swift; sourceTree = "<group>"; };
/* End PBXFileReference section */

/* Begin PBXFrameworksBuildPhase section */
		64CE03DF2B17C370009608A4 /* Frameworks */ = {
			isa = PBXFrameworksBuildPhase;
			buildActionMask = 2147483647;
			files = (
				64CE03FC2B1CEBD0009608A4 /* SwiftkubeClient in Frameworks */,
				64CE03F92B1CEB88009608A4 /* KeychainAccess in Frameworks */,
			);
			runOnlyForDeploymentPostprocessing = 0;
		};
/* End PBXFrameworksBuildPhase section */

/* Begin PBXGroup section */
		64CE03D92B17C370009608A4 = {
			isa = PBXGroup;
			children = (
				64CE03F62B193A14009608A4 /* README.md */,
				64CE03F42B18EA05009608A4 /* LICENSE */,
				64CE03E42B17C370009608A4 /* Nautik Helper */,
				64CE03E32B17C370009608A4 /* Products */,
			);
			sourceTree = "<group>";
		};
		64CE03E32B17C370009608A4 /* Products */ = {
			isa = PBXGroup;
			children = (
				64CE03E22B17C370009608A4 /* Nautik Helper.app */,
			);
			name = Products;
			sourceTree = "<group>";
		};
		64CE03E42B17C370009608A4 /* Nautik Helper */ = {
			isa = PBXGroup;
			children = (
				64CE03E52B17C370009608A4 /* NautikHelper.swift */,
				64CE04012B1D10E2009608A4 /* Views */,
				64CE04062B1E321C009608A4 /* KubeConfig.swift */,
				64CE04082B25F5D7009608A4 /* Auth.swift */,
				64CE04042B1D18C1009608A4 /* Cluster.swift */,
				64CE03FF2B1D05F3009608A4 /* Error.swift */,
				64CE03E92B17C371009608A4 /* Assets.xcassets */,
				64CE03EE2B17C371009608A4 /* NautikHelper.entitlements */,
			);
			path = "Nautik Helper";
			sourceTree = "<group>";
		};
		64CE04012B1D10E2009608A4 /* Views */ = {
			isa = PBXGroup;
			children = (
				64CE03E72B17C370009608A4 /* MainView.swift */,
				64CE04022B1D1116009608A4 /* ManageKubeConfigsView.swift */,
			);
			path = Views;
			sourceTree = "<group>";
		};
/* End PBXGroup section */

/* Begin PBXNativeTarget section */
		64CE03E12B17C370009608A4 /* Nautik Helper */ = {
			isa = PBXNativeTarget;
			buildConfigurationList = 64CE03F12B17C371009608A4 /* Build configuration list for PBXNativeTarget "Nautik Helper" */;
			buildPhases = (
				64CE03DE2B17C370009608A4 /* Sources */,
				64CE03DF2B17C370009608A4 /* Frameworks */,
				64CE03E02B17C370009608A4 /* Resources */,
			);
			buildRules = (
			);
			dependencies = (
			);
			name = "Nautik Helper";
			packageProductDependencies = (
				64CE03F82B1CEB88009608A4 /* KeychainAccess */,
				64CE03FB2B1CEBD0009608A4 /* SwiftkubeClient */,
			);
			productName = "Nautik Helper";
			productReference = 64CE03E22B17C370009608A4 /* Nautik Helper.app */;
			productType = "com.apple.product-type.application";
		};
/* End PBXNativeTarget section */

/* Begin PBXProject section */
		64CE03DA2B17C370009608A4 /* Project object */ = {
			isa = PBXProject;
			attributes = {
				BuildIndependentTargetsInParallel = 1;
				LastSwiftUpdateCheck = 1500;
				LastUpgradeCheck = 1500;
				TargetAttributes = {
					64CE03E12B17C370009608A4 = {
						CreatedOnToolsVersion = 15.0.1;
					};
				};
			};
			buildConfigurationList = 64CE03DD2B17C370009608A4 /* Build configuration list for PBXProject "Nautik Helper" */;
			compatibilityVersion = "Xcode 14.0";
			developmentRegion = en;
			hasScannedForEncodings = 0;
			knownRegions = (
				en,
				Base,
			);
			mainGroup = 64CE03D92B17C370009608A4;
			packageReferences = (
				64CE03F72B1CEB88009608A4 /* XCRemoteSwiftPackageReference "KeychainAccess" */,
				64CE03FA2B1CEBD0009608A4 /* XCRemoteSwiftPackageReference "client" */,
			);
			productRefGroup = 64CE03E32B17C370009608A4 /* Products */;
			projectDirPath = "";
			projectRoot = "";
			targets = (
				64CE03E12B17C370009608A4 /* Nautik Helper */,
			);
		};
/* End PBXProject section */

/* Begin PBXResourcesBuildPhase section */
		64CE03E02B17C370009608A4 /* Resources */ = {
			isa = PBXResourcesBuildPhase;
			buildActionMask = 2147483647;
			files = (
				64CE03F52B18EA05009608A4 /* LICENSE in Resources */,
				64CE03EA2B17C371009608A4 /* Assets.xcassets in Resources */,
			);
			runOnlyForDeploymentPostprocessing = 0;
		};
/* End PBXResourcesBuildPhase section */

/* Begin PBXSourcesBuildPhase section */
		64CE03DE2B17C370009608A4 /* Sources */ = {
			isa = PBXSourcesBuildPhase;
			buildActionMask = 2147483647;
			files = (
				64CE04002B1D05F3009608A4 /* Error.swift in Sources */,
				64CE03E82B17C370009608A4 /* MainView.swift in Sources */,
				64CE04092B25F5D7009608A4 /* Auth.swift in Sources */,
				64CE04052B1D18C1009608A4 /* Cluster.swift in Sources */,
				64CE04032B1D1116009608A4 /* ManageKubeConfigsView.swift in Sources */,
				64CE04072B1E321C009608A4 /* KubeConfig.swift in Sources */,
				64CE03E62B17C370009608A4 /* NautikHelper.swift in Sources */,
			);
			runOnlyForDeploymentPostprocessing = 0;
		};
/* End PBXSourcesBuildPhase section */

/* Begin XCBuildConfiguration section */
		64CE03EF2B17C371009608A4 /* Debug */ = {
			isa = XCBuildConfiguration;
			buildSettings = {
				ALWAYS_SEARCH_USER_PATHS = NO;
				ASSETCATALOG_COMPILER_GENERATE_SWIFT_ASSET_SYMBOL_EXTENSIONS = YES;
				CLANG_ANALYZER_NONNULL = YES;
				CLANG_ANALYZER_NUMBER_OBJECT_CONVERSION = YES_AGGRESSIVE;
				CLANG_CXX_LANGUAGE_STANDARD = "gnu++20";
				CLANG_ENABLE_MODULES = YES;
				CLANG_ENABLE_OBJC_ARC = YES;
				CLANG_ENABLE_OBJC_WEAK = YES;
				CLANG_WARN_BLOCK_CAPTURE_AUTORELEASING = YES;
				CLANG_WARN_BOOL_CONVERSION = YES;
				CLANG_WARN_COMMA = YES;
				CLANG_WARN_CONSTANT_CONVERSION = YES;
				CLANG_WARN_DEPRECATED_OBJC_IMPLEMENTATIONS = YES;
				CLANG_WARN_DIRECT_OBJC_ISA_USAGE = YES_ERROR;
				CLANG_WARN_DOCUMENTATION_COMMENTS = YES;
				CLANG_WARN_EMPTY_BODY = YES;
				CLANG_WARN_ENUM_CONVERSION = YES;
				CLANG_WARN_INFINITE_RECURSION = YES;
				CLANG_WARN_INT_CONVERSION = YES;
				CLANG_WARN_NON_LITERAL_NULL_CONVERSION = YES;
				CLANG_WARN_OBJC_IMPLICIT_RETAIN_SELF = YES;
				CLANG_WARN_OBJC_LITERAL_CONVERSION = YES;
				CLANG_WARN_OBJC_ROOT_CLASS = YES_ERROR;
				CLANG_WARN_QUOTED_INCLUDE_IN_FRAMEWORK_HEADER = YES;
				CLANG_WARN_RANGE_LOOP_ANALYSIS = YES;
				CLANG_WARN_STRICT_PROTOTYPES = YES;
				CLANG_WARN_SUSPICIOUS_MOVE = YES;
				CLANG_WARN_UNGUARDED_AVAILABILITY = YES_AGGRESSIVE;
				CLANG_WARN_UNREACHABLE_CODE = YES;
				CLANG_WARN__DUPLICATE_METHOD_MATCH = YES;
				COPY_PHASE_STRIP = NO;
				DEBUG_INFORMATION_FORMAT = dwarf;
				ENABLE_STRICT_OBJC_MSGSEND = YES;
				ENABLE_TESTABILITY = YES;
				ENABLE_USER_SCRIPT_SANDBOXING = YES;
				GCC_C_LANGUAGE_STANDARD = gnu17;
				GCC_DYNAMIC_NO_PIC = NO;
				GCC_NO_COMMON_BLOCKS = YES;
				GCC_OPTIMIZATION_LEVEL = 0;
				GCC_PREPROCESSOR_DEFINITIONS = (
					"DEBUG=1",
					"$(inherited)",
				);
				GCC_WARN_64_TO_32_BIT_CONVERSION = YES;
				GCC_WARN_ABOUT_RETURN_TYPE = YES_ERROR;
				GCC_WARN_UNDECLARED_SELECTOR = YES;
				GCC_WARN_UNINITIALIZED_AUTOS = YES_AGGRESSIVE;
				GCC_WARN_UNUSED_FUNCTION = YES;
				GCC_WARN_UNUSED_VARIABLE = YES;
				LOCALIZATION_PREFERS_STRING_CATALOGS = YES;
				MACOSX_DEPLOYMENT_TARGET = 14.0;
				MTL_ENABLE_DEBUG_INFO = INCLUDE_SOURCE;
				MTL_FAST_MATH = YES;
				ONLY_ACTIVE_ARCH = YES;
				SDKROOT = macosx;
				SWIFT_ACTIVE_COMPILATION_CONDITIONS = "DEBUG $(inherited)";
				SWIFT_OPTIMIZATION_LEVEL = "-Onone";
			};
			name = Debug;
		};
		64CE03F02B17C371009608A4 /* Release */ = {
			isa = XCBuildConfiguration;
			buildSettings = {
				ALWAYS_SEARCH_USER_PATHS = NO;
				ASSETCATALOG_COMPILER_GENERATE_SWIFT_ASSET_SYMBOL_EXTENSIONS = YES;
				CLANG_ANALYZER_NONNULL = YES;
				CLANG_ANALYZER_NUMBER_OBJECT_CONVERSION = YES_AGGRESSIVE;
				CLANG_CXX_LANGUAGE_STANDARD = "gnu++20";
				CLANG_ENABLE_MODULES = YES;
				CLANG_ENABLE_OBJC_ARC = YES;
				CLANG_ENABLE_OBJC_WEAK = YES;
				CLANG_WARN_BLOCK_CAPTURE_AUTORELEASING = YES;
				CLANG_WARN_BOOL_CONVERSION = YES;
				CLANG_WARN_COMMA = YES;
				CLANG_WARN_CONSTANT_CONVERSION = YES;
				CLANG_WARN_DEPRECATED_OBJC_IMPLEMENTATIONS = YES;
				CLANG_WARN_DIRECT_OBJC_ISA_USAGE = YES_ERROR;
				CLANG_WARN_DOCUMENTATION_COMMENTS = YES;
				CLANG_WARN_EMPTY_BODY = YES;
				CLANG_WARN_ENUM_CONVERSION = YES;
				CLANG_WARN_INFINITE_RECURSION = YES;
				CLANG_WARN_INT_CONVERSION = YES;
				CLANG_WARN_NON_LITERAL_NULL_CONVERSION = YES;
				CLANG_WARN_OBJC_IMPLICIT_RETAIN_SELF = YES;
				CLANG_WARN_OBJC_LITERAL_CONVERSION = YES;
				CLANG_WARN_OBJC_ROOT_CLASS = YES_ERROR;
				CLANG_WARN_QUOTED_INCLUDE_IN_FRAMEWORK_HEADER = YES;
				CLANG_WARN_RANGE_LOOP_ANALYSIS = YES;
				CLANG_WARN_STRICT_PROTOTYPES = YES;
				CLANG_WARN_SUSPICIOUS_MOVE = YES;
				CLANG_WARN_UNGUARDED_AVAILABILITY = YES_AGGRESSIVE;
				CLANG_WARN_UNREACHABLE_CODE = YES;
				CLANG_WARN__DUPLICATE_METHOD_MATCH = YES;
				COPY_PHASE_STRIP = NO;
				DEBUG_INFORMATION_FORMAT = "dwarf-with-dsym";
				ENABLE_NS_ASSERTIONS = NO;
				ENABLE_STRICT_OBJC_MSGSEND = YES;
				ENABLE_USER_SCRIPT_SANDBOXING = YES;
				GCC_C_LANGUAGE_STANDARD = gnu17;
				GCC_NO_COMMON_BLOCKS = YES;
				GCC_WARN_64_TO_32_BIT_CONVERSION = YES;
				GCC_WARN_ABOUT_RETURN_TYPE = YES_ERROR;
				GCC_WARN_UNDECLARED_SELECTOR = YES;
				GCC_WARN_UNINITIALIZED_AUTOS = YES_AGGRESSIVE;
				GCC_WARN_UNUSED_FUNCTION = YES;
				GCC_WARN_UNUSED_VARIABLE = YES;
				LOCALIZATION_PREFERS_STRING_CATALOGS = YES;
				MACOSX_DEPLOYMENT_TARGET = 14.0;
				MTL_ENABLE_DEBUG_INFO = NO;
				MTL_FAST_MATH = YES;
				SDKROOT = macosx;
				SWIFT_COMPILATION_MODE = wholemodule;
			};
			name = Release;
		};
		64CE03F22B17C371009608A4 /* Debug */ = {
			isa = XCBuildConfiguration;
			buildSettings = {
				ASSETCATALOG_COMPILER_APPICON_NAME = AppIcon;
				ASSETCATALOG_COMPILER_GLOBAL_ACCENT_COLOR_NAME = AccentColor;
				CODE_SIGN_ENTITLEMENTS = "Nautik Helper/NautikHelper.entitlements";
				CODE_SIGN_STYLE = Automatic;
				COMBINE_HIDPI_IMAGES = YES;
				CURRENT_PROJECT_VERSION = 1;
				DEVELOPMENT_TEAM = B75X2VRBT3;
				ENABLE_HARDENED_RUNTIME = YES;
				ENABLE_PREVIEWS = YES;
				GENERATE_INFOPLIST_FILE = YES;
				INFOPLIST_KEY_LSUIElement = YES;
				INFOPLIST_KEY_NSHumanReadableCopyright = "© 2023 Elias Wilken";
				LD_RUNPATH_SEARCH_PATHS = (
					"$(inherited)",
					"@executable_path/../Frameworks",
				);
				MACOSX_DEPLOYMENT_TARGET = 14.0;
				MARKETING_VERSION = 1.0;
				PRODUCT_BUNDLE_IDENTIFIER = io.nautik.Nautik.Helper;
				PRODUCT_NAME = "$(TARGET_NAME)";
				SWIFT_EMIT_LOC_STRINGS = YES;
				SWIFT_STRICT_CONCURRENCY = complete;
				SWIFT_VERSION = 5.0;
			};
			name = Debug;
		};
		64CE03F32B17C371009608A4 /* Release */ = {
			isa = XCBuildConfiguration;
			buildSettings = {
				ASSETCATALOG_COMPILER_APPICON_NAME = AppIcon;
				ASSETCATALOG_COMPILER_GLOBAL_ACCENT_COLOR_NAME = AccentColor;
				CODE_SIGN_ENTITLEMENTS = "Nautik Helper/NautikHelper.entitlements";
				CODE_SIGN_STYLE = Automatic;
				COMBINE_HIDPI_IMAGES = YES;
				CURRENT_PROJECT_VERSION = 1;
				DEVELOPMENT_TEAM = B75X2VRBT3;
				ENABLE_HARDENED_RUNTIME = YES;
				ENABLE_PREVIEWS = YES;
				GENERATE_INFOPLIST_FILE = YES;
				INFOPLIST_KEY_LSUIElement = YES;
				INFOPLIST_KEY_NSHumanReadableCopyright = "© 2023 Elias Wilken";
				LD_RUNPATH_SEARCH_PATHS = (
					"$(inherited)",
					"@executable_path/../Frameworks",
				);
				MACOSX_DEPLOYMENT_TARGET = 14.0;
				MARKETING_VERSION = 1.0;
				PRODUCT_BUNDLE_IDENTIFIER = io.nautik.Nautik.Helper;
				PRODUCT_NAME = "$(TARGET_NAME)";
				SWIFT_EMIT_LOC_STRINGS = YES;
				SWIFT_STRICT_CONCURRENCY = complete;
				SWIFT_VERSION = 5.0;
			};
			name = Release;
		};
/* End XCBuildConfiguration section */

/* Begin XCConfigurationList section */
		64CE03DD2B17C370009608A4 /* Build configuration list for PBXProject "Nautik Helper" */ = {
			isa = XCConfigurationList;
			buildConfigurations = (
				64CE03EF2B17C371009608A4 /* Debug */,
				64CE03F02B17C371009608A4 /* Release */,
			);
			defaultConfigurationIsVisible = 0;
			defaultConfigurationName = Release;
		};
		64CE03F12B17C371009608A4 /* Build configuration list for PBXNativeTarget "Nautik Helper" */ = {
			isa = XCConfigurationList;
			buildConfigurations = (
				64CE03F22B17C371009608A4 /* Debug */,
				64CE03F32B17C371009608A4 /* Release */,
			);
			defaultConfigurationIsVisible = 0;
			defaultConfigurationName = Release;
		};
/* End XCConfigurationList section */

/* Begin XCRemoteSwiftPackageReference section */
		64CE03F72B1CEB88009608A4 /* XCRemoteSwiftPackageReference "KeychainAccess" */ = {
			isa = XCRemoteSwiftPackageReference;
			repositoryURL = "https://github.com/kishikawakatsumi/KeychainAccess";
			requirement = {
				kind = upToNextMinorVersion;
				minimumVersion = 4.2.0;
			};
		};
		64CE03FA2B1CEBD0009608A4 /* XCRemoteSwiftPackageReference "client" */ = {
			isa = XCRemoteSwiftPackageReference;
			repositoryURL = "https://github.com/swiftkube/client";
			requirement = {
				kind = upToNextMajorVersion;
				minimumVersion = 0.17.0;
			};
		};
/* End XCRemoteSwiftPackageReference section */

/* Begin XCSwiftPackageProductDependency section */
		64CE03F82B1CEB88009608A4 /* KeychainAccess */ = {
			isa = XCSwiftPackageProductDependency;
			package = 64CE03F72B1CEB88009608A4 /* XCRemoteSwiftPackageReference "KeychainAccess" */;
			productName = KeychainAccess;
		};
		64CE03FB2B1CEBD0009608A4 /* SwiftkubeClient */ = {
			isa = XCSwiftPackageProductDependency;
			package = 64CE03FA2B1CEBD0009608A4 /* XCRemoteSwiftPackageReference "client" */;
			productName = SwiftkubeClient;
		};
/* End XCSwiftPackageProductDependency section */
	};
	rootObject = 64CE03DA2B17C370009608A4 /* Project object */;
}
